
Microsoft Visual Studio Solution File, Format Version 12.00
# Visual Studio 15
VisualStudioVersion = 15.0.28010.2050
MinimumVisualStudioVersion = 10.0.40219.1
Project("{9A19103F-16F7-4668-BE54-9A1E7A4F7556}") = "HotelApp.Web", "HotelApp.Web\HotelApp.Web.csproj", "{83891850-06B7-495E-9A44-DCDBEA4EAE4C}"
EndProject
Project("{2150E333-8FDC-42A3-9474-1A3956D46DE8}") = "Tests", "Tests", "{6C6E38AD-A399-48BE-81CC-9E5D48ECF3AB}"
EndProject
Project("{FAE04EC0-301F-11D3-BF4B-00C04F79EFBC}") = "SandBox", "SandBox\SandBox.csproj", "{04206C46-21D8-47D2-A80F-E7F6EE99805F}"
EndProject
Global
	GlobalSection(SolutionConfigurationPlatforms) = preSolution
		Debug|Any CPU = Debug|Any CPU
		Release|Any CPU = Release|Any CPU
	EndGlobalSection
	GlobalSection(ProjectConfigurationPlatforms) = postSolution
		{83891850-06B7-495E-9A44-DCDBEA4EAE4C}.Debug|Any CPU.ActiveCfg = Debug|Any CPU
		{83891850-06B7-495E-9A44-DCDBEA4EAE4C}.Debug|Any CPU.Build.0 = Debug|Any CPU
		{83891850-06B7-495E-9A44-DCDBEA4EAE4C}.Release|Any CPU.ActiveCfg = Release|Any CPU
		{83891850-06B7-495E-9A44-DCDBEA4EAE4C}.Release|Any CPU.Build.0 = Release|Any CPU
		{04206C46-21D8-47D2-A80F-E7F6EE99805F}.Debug|Any CPU.ActiveCfg = Debug|Any CPU
		{04206C46-21D8-47D2-A80F-E7F6EE99805F}.Debug|Any CPU.Build.0 = Debug|Any CPU
		{04206C46-21D8-47D2-A80F-E7F6EE99805F}.Release|Any CPU.ActiveCfg = Release|Any CPU
		{04206C46-21D8-47D2-A80F-E7F6EE99805F}.Release|Any CPU.Build.0 = Release|Any CPU
	EndGlobalSection
	GlobalSection(SolutionProperties) = preSolution
		HideSolutionNode = FALSE
	EndGlobalSection
	GlobalSection(NestedProjects) = preSolution
		{04206C46-21D8-47D2-A80F-E7F6EE99805F} = {6C6E38AD-A399-48BE-81CC-9E5D48ECF3AB}
	EndGlobalSection
	GlobalSection(ExtensibilityGlobals) = postSolution
		SolutionGuid = {1C6BBC6E-73B3-48D0-B12F-BF3A470AB195}
	EndGlobalSection
EndGlobal
